<?xml version="1.0" encoding="utf-8"?>
<Project ToolsVersion="4.0" xmlns="http://schemas.microsoft.com/developer/msbuild/2003">
  <ItemGroup>
    <ClCompile Include="main.cpp" />
    <ClCompile Include="SystemClass.cpp" />
    <ClCompile Include="InputClass.cpp" />
    <ClCompile Include="GraphicsClass.cpp" />
    <ClCompile Include="D3DClass.cpp" />
    <ClCompile Include="ModelClass.cpp" />
    <ClCompile Include="ColorShaderClass.cpp" />
    <ClCompile Include="CameraClass.cpp" />
    <ClCompile Include="TextureClass.cpp" />
    <ClCompile Include="TextureShaderClass.cpp" />
    <ClCompile Include="LightShaderClass.cpp" />
    <ClCompile Include="LightClass.cpp" />
    <ClCompile Include="BitmapClass.cpp" />
  </ItemGroup>
  <ItemGroup>
    <ClInclude Include="SystemClass.h" />
    <ClInclude Include="InputClass.h" />
    <ClInclude Include="GraphicsClass.h" />
    <ClInclude Include="D3DClass.h" />
    <ClInclude Include="ModelClass.h" />
    <ClInclude Include="ColorShaderClass.h" />
    <ClInclude Include="CameraClass.h" />
    <ClInclude Include="TextureClass.h" />
    <ClInclude Include="TextureShaderClass.h" />
    <ClInclude Include="LightShaderClass.h" />
    <ClInclude Include="LightClass.h" />
    <ClInclude Include="BitmapClass.h" />
  </ItemGroup>
  <ItemGroup>
    <Filter Include="resources">
      <UniqueIdentifier>{55c65c29-38cb-40bd-9991-98809127b4c7}</UniqueIdentifier>
    </Filter>
    <Filter Include="shader">
      <UniqueIdentifier>{4824b070-5dab-42fd-9798-9c25dff9281f}</UniqueIdentifier>
    </Filter>
    <Filter Include="shader\color">
      <UniqueIdentifier>{ea0f88cb-a041-4fef-a8af-1d6ebf60faa3}</UniqueIdentifier>
    </Filter>
    <Filter Include="shader\texture">
      <UniqueIdentifier>{d215c114-f097-4e6c-8cb0-f5cf27cea3e0}</UniqueIdentifier>
    </Filter>
    <Filter Include="shader\light">
      <UniqueIdentifier>{4539b0d0-c3bb-4e99-87a2-b8677b80338b}</UniqueIdentifier>
    </Filter>
  </ItemGroup>
  <ItemGroup>
    <None Include="color.ps">
      <Filter>shader\color</Filter>
    </None>
    <None Include="color.vs">
      <Filter>shader\color</Filter>
    </None>
    <None Include="texture.vs">
      <Filter>shader\texture</Filter>
    </None>
    <None Include="texture.ps">
      <Filter>shader\texture</Filter>
    </None>
    <None Include="light.ps">
      <Filter>shader\light</Filter>
    </None>
    <None Include="light.vs">
      <Filter>shader\light</Filter>
    </None>
  </ItemGroup>
  <ItemGroup>
    <Image Include="seafloor.dds" />
  </ItemGroup>
  <ItemGroup>
    <Text Include="Cube.txt">
      <Filter>resources</Filter>
    </Text>
  </ItemGroup>
</Project>